
Microsoft Visual Studio Solution File, Format Version 12.00
# Visual Studio 14
VisualStudioVersion = 14.0.25123.0
MinimumVisualStudioVersion = 10.0.40219.1
Project("{FAE04EC0-301F-11D3-BF4B-00C04F79EFBC}") = "ILRewriter", "ILRewriter\ILRewriter.csproj", "{6EF507EF-97AB-40C1-A640-95F019F9C93E}"
EndProject
Project("{FAE04EC0-301F-11D3-BF4B-00C04F79EFBC}") = "ILRewriterAttributes", "ILRewriterAttributes\ILRewriterAttributes.csproj", "{9C9091F6-7E8B-494E-8072-09BC668F427B}"
EndProject
Global
	GlobalSection(SolutionConfigurationPlatforms) = preSolution
		Debug|Any CPU = Debug|Any CPU
		Release|Any CPU = Release|Any CPU
	EndGlobalSection
	GlobalSection(ProjectConfigurationPlatforms) = postSolution
		{6EF507EF-97AB-40C1-A640-95F019F9C93E}.Debug|Any CPU.ActiveCfg = Debug|Any CPU
		{6EF507EF-97AB-40C1-A640-95F019F9C93E}.Debug|Any CPU.Build.0 = Debug|Any CPU
		{6EF507EF-97AB-40C1-A640-95F019F9C93E}.Release|Any CPU.ActiveCfg = Release|Any CPU
		{6EF507EF-97AB-40C1-A640-95F019F9C93E}.Release|Any CPU.Build.0 = Release|Any CPU
		{9C9091F6-7E8B-494E-8072-09BC668F427B}.Debug|Any CPU.ActiveCfg = Debug|Any CPU
		{9C9091F6-7E8B-494E-8072-09BC668F427B}.Debug|Any CPU.Build.0 = Debug|Any CPU
		{9C9091F6-7E8B-494E-8072-09BC668F427B}.Release|Any CPU.ActiveCfg = Release|Any CPU
		{9C9091F6-7E8B-494E-8072-09BC668F427B}.Release|Any CPU.Build.0 = Release|Any CPU
	EndGlobalSection
	GlobalSection(SolutionProperties) = preSolution
		HideSolutionNode = FALSE
	EndGlobalSection
EndGlobal
